
Microsoft Visual Studio Solution File, Format Version 12.00
# Visual Studio Version 17
VisualStudioVersion = 17.7.34009.444
MinimumVisualStudioVersion = 10.0.40219.1
Project("{9A19103F-16F7-4668-BE54-9A1E7A4F7556}") = "WebApiSample", "WebApiSample\WebApiSample.csproj", "{2B732776-EBAA-45C7-9319-6223C0890C71}"
EndProject
Project("{FAE04EC0-301F-11D3-BF4B-00C04F79EFBC}") = "WebApiSample.Test", "WebApiSample.Test\WebApiSample.Test.csproj", "{32CF0D52-CD81-4691-9267-0FBFDDB75D7C}"
EndProject
Global
	GlobalSection(SolutionConfigurationPlatforms) = preSolution
		Debug|Any CPU = Debug|Any CPU
		Release|Any CPU = Release|Any CPU
	EndGlobalSection
	GlobalSection(ProjectConfigurationPlatforms) = postSolution
		{2B732776-EBAA-45C7-9319-6223C0890C71}.Debug|Any CPU.ActiveCfg = Debug|Any CPU
		{2B732776-EBAA-45C7-9319-6223C0890C71}.Debug|Any CPU.Build.0 = Debug|Any CPU
		{2B732776-EBAA-45C7-9319-6223C0890C71}.Release|Any CPU.ActiveCfg = Release|Any CPU
		{2B732776-EBAA-45C7-9319-6223C0890C71}.Release|Any CPU.Build.0 = Release|Any CPU
		{32CF0D52-CD81-4691-9267-0FBFDDB75D7C}.Debug|Any CPU.ActiveCfg = Debug|Any CPU
		{32CF0D52-CD81-4691-9267-0FBFDDB75D7C}.Debug|Any CPU.Build.0 = Debug|Any CPU
		{32CF0D52-CD81-4691-9267-0FBFDDB75D7C}.Release|Any CPU.ActiveCfg = Release|Any CPU
		{32CF0D52-CD81-4691-9267-0FBFDDB75D7C}.Release|Any CPU.Build.0 = Release|Any CPU
	EndGlobalSection
	GlobalSection(SolutionProperties) = preSolution
		HideSolutionNode = FALSE
	EndGlobalSection
	GlobalSection(ExtensibilityGlobals) = postSolution
		SolutionGuid = {7E4C6D63-09BE-4ADD-B850-C72AA4415C12}
	EndGlobalSection
EndGlobal
